{
  "originHash" : "fbd29735cd637ef3c3e136d2f063f078c5982265d5e20ae7653f3810bed94e54",
  "pins" : [
    {
      "identity" : "mcemojipicker",
      "kind" : "remoteSourceControl",
      "location" : "https://github.com/izyumkin/MCEmojiPicker",
      "state" : {
        "revision" : "e0b4903b75ae1cc418d276d84d1cb946b8a1d73c",
        "version" : "1.2.3"
      }
    },
    {
      "identity" : "menuwithaview",
      "kind" : "remoteSourceControl",
      "location" : "https://github.com/Aeastr/MenuWithAView",
      "state" : {
        "revision" : "8fafbbaba91626c68ad4fc4d6a6bdcded9462d72",
        "version" : "1.0.0"
      }
    }
  ],
  "version" : 3
}
